
Microsoft Visual Studio Solution File, Format Version 12.00
# Visual Studio Version 17
VisualStudioVersion = 17.14.36414.22 d17.14
MinimumVisualStudioVersion = 10.0.40219.1
Project("{FAE04EC0-301F-11D3-BF4B-00C04F79EFBC}") = "game-10003-git-excersize2", "game-10003-git-excersize2.csproj", "{12BF2F74-8ABB-4890-AA4B-DFA1BFE9849D}"
EndProject
Global
	GlobalSection(SolutionConfigurationPlatforms) = preSolution
		Debug|Any CPU = Debug|Any CPU
		Release|Any CPU = Release|Any CPU
	EndGlobalSection
	GlobalSection(ProjectConfigurationPlatforms) = postSolution
		{12BF2F74-8ABB-4890-AA4B-DFA1BFE9849D}.Debug|Any CPU.ActiveCfg = Debug|Any CPU
		{12BF2F74-8ABB-4890-AA4B-DFA1BFE9849D}.Debug|Any CPU.Build.0 = Debug|Any CPU
		{12BF2F74-8ABB-4890-AA4B-DFA1BFE9849D}.Release|Any CPU.ActiveCfg = Release|Any CPU
		{12BF2F74-8ABB-4890-AA4B-DFA1BFE9849D}.Release|Any CPU.Build.0 = Release|Any CPU
	EndGlobalSection
	GlobalSection(SolutionProperties) = preSolution
		HideSolutionNode = FALSE
	EndGlobalSection
	GlobalSection(ExtensibilityGlobals) = postSolution
		SolutionGuid = {6EA20AE0-E9BA-4BD2-B764-E3DA1131CB81}
	EndGlobalSection
EndGlobal
